// !$*UTF8*$!
{
	archiveVersion = 1;
	classes = {
	};
	objectVersion = 56;
	objects = {

/* Begin PBXBuildFile section */
		1C4BF4922A57B3D600E6C201 /* AppDelegate.swift in Sources */ = {isa = PBXBuildFile; fileRef = 1C4BF4912A57B3D600E6C201 /* AppDelegate.swift */; };
		1C4BF4942A57B3D600E6C201 /* SceneDelegate.swift in Sources */ = {isa = PBXBuildFile; fileRef = 1C4BF4932A57B3D600E6C201 /* SceneDelegate.swift */; };
		1C4BF4962A57B3D600E6C201 /* ViewController.swift in Sources */ = {isa = PBXBuildFile; fileRef = 1C4BF4952A57B3D600E6C201 /* ViewController.swift */; };
		1C4BF4992A57B3D600E6C201 /* Main.storyboard in Resources */ = {isa = PBXBuildFile; fileRef = 1C4BF4972A57B3D600E6C201 /* Main.storyboard */; };
		1C4BF49B2A57B3D700E6C201 /* Assets.xcassets in Resources */ = {isa = PBXBuildFile; fileRef = 1C4BF49A2A57B3D700E6C201 /* Assets.xcassets */; };
		1C4BF49E2A57B3D700E6C201 /* LaunchScreen.storyboard in Resources */ = {isa = PBXBuildFile; fileRef = 1C4BF49C2A57B3D700E6C201 /* LaunchScreen.storyboard */; };
		1C4BF4A92A57B3D700E6C201 /* MVVMAnimalHttpStatusDemoTests.swift in Sources */ = {isa = PBXBuildFile; fileRef = 1C4BF4A82A57B3D700E6C201 /* MVVMAnimalHttpStatusDemoTests.swift */; };
		1C4BF4B32A57B3D700E6C201 /* MVVMAnimalHttpStatusDemoUITests.swift in Sources */ = {isa = PBXBuildFile; fileRef = 1C4BF4B22A57B3D700E6C201 /* MVVMAnimalHttpStatusDemoUITests.swift */; };
		1C4BF4B52A57B3D700E6C201 /* MVVMAnimalHttpStatusDemoUITestsLaunchTests.swift in Sources */ = {isa = PBXBuildFile; fileRef = 1C4BF4B42A57B3D700E6C201 /* MVVMAnimalHttpStatusDemoUITestsLaunchTests.swift */; };
/* End PBXBuildFile section */

/* Begin PBXContainerItemProxy section */
		1C4BF4A52A57B3D700E6C201 /* PBXContainerItemProxy */ = {
			isa = PBXContainerItemProxy;
			containerPortal = 1C4BF4862A57B3D600E6C201 /* Project object */;
			proxyType = 1;
			remoteGlobalIDString = 1C4BF48D2A57B3D600E6C201;
			remoteInfo = MVVMAnimalHttpStatusDemo;
		};
		1C4BF4AF2A57B3D700E6C201 /* PBXContainerItemProxy */ = {
			isa = PBXContainerItemProxy;
			containerPortal = 1C4BF4862A57B3D600E6C201 /* Project object */;
			proxyType = 1;
			remoteGlobalIDString = 1C4BF48D2A57B3D600E6C201;
			remoteInfo = MVVMAnimalHttpStatusDemo;
		};
/* End PBXContainerItemProxy section */

/* Begin PBXFileReference section */
		1C4BF48E2A57B3D600E6C201 /* MVVMAnimalHttpStatusDemo.app */ = {isa = PBXFileReference; explicitFileType = wrapper.application; includeInIndex = 0; path = MVVMAnimalHttpStatusDemo.app; sourceTree = BUILT_PRODUCTS_DIR; };
		1C4BF4912A57B3D600E6C201 /* AppDelegate.swift */ = {isa = PBXFileReference; lastKnownFileType = sourcecode.swift; path = AppDelegate.swift; sourceTree = "<group>"; };
		1C4BF4932A57B3D600E6C201 /* SceneDelegate.swift */ = {isa = PBXFileReference; lastKnownFileType = sourcecode.swift; path = SceneDelegate.swift; sourceTree = "<group>"; };
		1C4BF4952A57B3D600E6C201 /* ViewController.swift */ = {isa = PBXFileReference; lastKnownFileType = sourcecode.swift; path = ViewController.swift; sourceTree = "<group>"; };
		1C4BF4982A57B3D600E6C201 /* Base */ = {isa = PBXFileReference; lastKnownFileType = file.storyboard; name = Base; path = Base.lproj/Main.storyboard; sourceTree = "<group>"; };
		1C4BF49A2A57B3D700E6C201 /* Assets.xcassets */ = {isa = PBXFileReference; lastKnownFileType = folder.assetcatalog; path = Assets.xcassets; sourceTree = "<group>"; };
		1C4BF49D2A57B3D700E6C201 /* Base */ = {isa = PBXFileReference; lastKnownFileType = file.storyboard; name = Base; path = Base.lproj/LaunchScreen.storyboard; sourceTree = "<group>"; };
		1C4BF49F2A57B3D700E6C201 /* Info.plist */ = {isa = PBXFileReference; lastKnownFileType = text.plist.xml; path = Info.plist; sourceTree = "<group>"; };
		1C4BF4A42A57B3D700E6C201 /* MVVMAnimalHttpStatusDemoTests.xctest */ = {isa = PBXFileReference; explicitFileType = wrapper.cfbundle; includeInIndex = 0; path = MVVMAnimalHttpStatusDemoTests.xctest; sourceTree = BUILT_PRODUCTS_DIR; };
		1C4BF4A82A57B3D700E6C201 /* MVVMAnimalHttpStatusDemoTests.swift */ = {isa = PBXFileReference; lastKnownFileType = sourcecode.swift; path = MVVMAnimalHttpStatusDemoTests.swift; sourceTree = "<group>"; };
		1C4BF4AE2A57B3D700E6C201 /* MVVMAnimalHttpStatusDemoUITests.xctest */ = {isa = PBXFileReference; explicitFileType = wrapper.cfbundle; includeInIndex = 0; path = MVVMAnimalHttpStatusDemoUITests.xctest; sourceTree = BUILT_PRODUCTS_DIR; };
		1C4BF4B22A57B3D700E6C201 /* MVVMAnimalHttpStatusDemoUITests.swift */ = {isa = PBXFileReference; lastKnownFileType = sourcecode.swift; path = MVVMAnimalHttpStatusDemoUITests.swift; sourceTree = "<group>"; };
		1C4BF4B42A57B3D700E6C201 /* MVVMAnimalHttpStatusDemoUITestsLaunchTests.swift */ = {isa = PBXFileReference; lastKnownFileType = sourcecode.swift; path = MVVMAnimalHttpStatusDemoUITestsLaunchTests.swift; sourceTree = "<group>"; };
/* End PBXFileReference section */

/* Begin PBXFrameworksBuildPhase section */
		1C4BF48B2A57B3D600E6C201 /* Frameworks */ = {
			isa = PBXFrameworksBuildPhase;
			buildActionMask = 2147483647;
			files = (
			);
			runOnlyForDeploymentPostprocessing = 0;
		};
		1C4BF4A12A57B3D700E6C201 /* Frameworks */ = {
			isa = PBXFrameworksBuildPhase;
			buildActionMask = 2147483647;
			files = (
			);
			runOnlyForDeploymentPostprocessing = 0;
		};
		1C4BF4AB2A57B3D700E6C201 /* Frameworks */ = {
			isa = PBXFrameworksBuildPhase;
			buildActionMask = 2147483647;
			files = (
			);
			runOnlyForDeploymentPostprocessing = 0;
		};
/* End PBXFrameworksBuildPhase section */

/* Begin PBXGroup section */
		1C4BF4852A57B3D600E6C201 = {
			isa = PBXGroup;
			children = (
				1C4BF4902A57B3D600E6C201 /* MVVMAnimalHttpStatusDemo */,
				1C4BF4A72A57B3D700E6C201 /* MVVMAnimalHttpStatusDemoTests */,
				1C4BF4B12A57B3D700E6C201 /* MVVMAnimalHttpStatusDemoUITests */,
				1C4BF48F2A57B3D600E6C201 /* Products */,
			);
			sourceTree = "<group>";
		};
		1C4BF48F2A57B3D600E6C201 /* Products */ = {
			isa = PBXGroup;
			children = (
				1C4BF48E2A57B3D600E6C201 /* MVVMAnimalHttpStatusDemo.app */,
				1C4BF4A42A57B3D700E6C201 /* MVVMAnimalHttpStatusDemoTests.xctest */,
				1C4BF4AE2A57B3D700E6C201 /* MVVMAnimalHttpStatusDemoUITests.xctest */,
			);
			name = Products;
			sourceTree = "<group>";
		};
		1C4BF4902A57B3D600E6C201 /* MVVMAnimalHttpStatusDemo */ = {
			isa = PBXGroup;
			children = (
				1C4BF4912A57B3D600E6C201 /* AppDelegate.swift */,
				1C4BF4932A57B3D600E6C201 /* SceneDelegate.swift */,
				1C4BF4952A57B3D600E6C201 /* ViewController.swift */,
				1C4BF4972A57B3D600E6C201 /* Main.storyboard */,
				1C4BF49A2A57B3D700E6C201 /* Assets.xcassets */,
				1C4BF49C2A57B3D700E6C201 /* LaunchScreen.storyboard */,
				1C4BF49F2A57B3D700E6C201 /* Info.plist */,
			);
			path = MVVMAnimalHttpStatusDemo;
			sourceTree = "<group>";
		};
		1C4BF4A72A57B3D700E6C201 /* MVVMAnimalHttpStatusDemoTests */ = {
			isa = PBXGroup;
			children = (
				1C4BF4A82A57B3D700E6C201 /* MVVMAnimalHttpStatusDemoTests.swift */,
			);
			path = MVVMAnimalHttpStatusDemoTests;
			sourceTree = "<group>";
		};
		1C4BF4B12A57B3D700E6C201 /* MVVMAnimalHttpStatusDemoUITests */ = {
			isa = PBXGroup;
			children = (
				1C4BF4B22A57B3D700E6C201 /* MVVMAnimalHttpStatusDemoUITests.swift */,
				1C4BF4B42A57B3D700E6C201 /* MVVMAnimalHttpStatusDemoUITestsLaunchTests.swift */,
			);
			path = MVVMAnimalHttpStatusDemoUITests;
			sourceTree = "<group>";
		};
/* End PBXGroup section */

/* Begin PBXNativeTarget section */
		1C4BF48D2A57B3D600E6C201 /* MVVMAnimalHttpStatusDemo */ = {
			isa = PBXNativeTarget;
			buildConfigurationList = 1C4BF4B82A57B3D700E6C201 /* Build configuration list for PBXNativeTarget "MVVMAnimalHttpStatusDemo" */;
			buildPhases = (
				1C4BF48A2A57B3D600E6C201 /* Sources */,
				1C4BF48B2A57B3D600E6C201 /* Frameworks */,
				1C4BF48C2A57B3D600E6C201 /* Resources */,
			);
			buildRules = (
			);
			dependencies = (
			);
			name = MVVMAnimalHttpStatusDemo;
			productName = MVVMAnimalHttpStatusDemo;
			productReference = 1C4BF48E2A57B3D600E6C201 /* MVVMAnimalHttpStatusDemo.app */;
			productType = "com.apple.product-type.application";
		};
		1C4BF4A32A57B3D700E6C201 /* MVVMAnimalHttpStatusDemoTests */ = {
			isa = PBXNativeTarget;
			buildConfigurationList = 1C4BF4BB2A57B3D700E6C201 /* Build configuration list for PBXNativeTarget "MVVMAnimalHttpStatusDemoTests" */;
			buildPhases = (
				1C4BF4A02A57B3D700E6C201 /* Sources */,
				1C4BF4A12A57B3D700E6C201 /* Frameworks */,
				1C4BF4A22A57B3D700E6C201 /* Resources */,
			);
			buildRules = (
			);
			dependencies = (
				1C4BF4A62A57B3D700E6C201 /* PBXTargetDependency */,
			);
			name = MVVMAnimalHttpStatusDemoTests;
			productName = MVVMAnimalHttpStatusDemoTests;
			productReference = 1C4BF4A42A57B3D700E6C201 /* MVVMAnimalHttpStatusDemoTests.xctest */;
			productType = "com.apple.product-type.bundle.unit-test";
		};
		1C4BF4AD2A57B3D700E6C201 /* MVVMAnimalHttpStatusDemoUITests */ = {
			isa = PBXNativeTarget;
			buildConfigurationList = 1C4BF4BE2A57B3D700E6C201 /* Build configuration list for PBXNativeTarget "MVVMAnimalHttpStatusDemoUITests" */;
			buildPhases = (
				1C4BF4AA2A57B3D700E6C201 /* Sources */,
				1C4BF4AB2A57B3D700E6C201 /* Frameworks */,
				1C4BF4AC2A57B3D700E6C201 /* Resources */,
			);
			buildRules = (
			);
			dependencies = (
				1C4BF4B02A57B3D700E6C201 /* PBXTargetDependency */,
			);
			name = MVVMAnimalHttpStatusDemoUITests;
			productName = MVVMAnimalHttpStatusDemoUITests;
			productReference = 1C4BF4AE2A57B3D700E6C201 /* MVVMAnimalHttpStatusDemoUITests.xctest */;
			productType = "com.apple.product-type.bundle.ui-testing";
		};
/* End PBXNativeTarget section */

/* Begin PBXProject section */
		1C4BF4862A57B3D600E6C201 /* Project object */ = {
			isa = PBXProject;
			attributes = {
				BuildIndependentTargetsInParallel = 1;
				LastSwiftUpdateCheck = 1430;
				LastUpgradeCheck = 1430;
				TargetAttributes = {
					1C4BF48D2A57B3D600E6C201 = {
						CreatedOnToolsVersion = 14.3.1;
					};
					1C4BF4A32A57B3D700E6C201 = {
						CreatedOnToolsVersion = 14.3.1;
						TestTargetID = 1C4BF48D2A57B3D600E6C201;
					};
					1C4BF4AD2A57B3D700E6C201 = {
						CreatedOnToolsVersion = 14.3.1;
						TestTargetID = 1C4BF48D2A57B3D600E6C201;
					};
				};
			};
			buildConfigurationList = 1C4BF4892A57B3D600E6C201 /* Build configuration list for PBXProject "MVVMAnimalHttpStatusDemo" */;
			compatibilityVersion = "Xcode 14.0";
			developmentRegion = en;
			hasScannedForEncodings = 0;
			knownRegions = (
				en,
				Base,
			);
			mainGroup = 1C4BF4852A57B3D600E6C201;
			productRefGroup = 1C4BF48F2A57B3D600E6C201 /* Products */;
			projectDirPath = "";
			projectRoot = "";
			targets = (
				1C4BF48D2A57B3D600E6C201 /* MVVMAnimalHttpStatusDemo */,
				1C4BF4A32A57B3D700E6C201 /* MVVMAnimalHttpStatusDemoTests */,
				1C4BF4AD2A57B3D700E6C201 /* MVVMAnimalHttpStatusDemoUITests */,
			);
		};
/* End PBXProject section */

/* Begin PBXResourcesBuildPhase section */
		1C4BF48C2A57B3D600E6C201 /* Resources */ = {
			isa = PBXResourcesBuildPhase;
			buildActionMask = 2147483647;
			files = (
				1C4BF49E2A57B3D700E6C201 /* LaunchScreen.storyboard in Resources */,
				1C4BF49B2A57B3D700E6C201 /* Assets.xcassets in Resources */,
				1C4BF4992A57B3D600E6C201 /* Main.storyboard in Resources */,
			);
			runOnlyForDeploymentPostprocessing = 0;
		};
		1C4BF4A22A57B3D700E6C201 /* Resources */ = {
			isa = PBXResourcesBuildPhase;
			buildActionMask = 2147483647;
			files = (
			);
			runOnlyForDeploymentPostprocessing = 0;
		};
		1C4BF4AC2A57B3D700E6C201 /* Resources */ = {
			isa = PBXResourcesBuildPhase;
			buildActionMask = 2147483647;
			files = (
			);
			runOnlyForDeploymentPostprocessing = 0;
		};
/* End PBXResourcesBuildPhase section */

/* Begin PBXSourcesBuildPhase section */
		1C4BF48A2A57B3D600E6C201 /* Sources */ = {
			isa = PBXSourcesBuildPhase;
			buildActionMask = 2147483647;
			files = (
				1C4BF4962A57B3D600E6C201 /* ViewController.swift in Sources */,
				1C4BF4922A57B3D600E6C201 /* AppDelegate.swift in Sources */,
				1C4BF4942A57B3D600E6C201 /* SceneDelegate.swift in Sources */,
			);
			runOnlyForDeploymentPostprocessing = 0;
		};
		1C4BF4A02A57B3D700E6C201 /* Sources */ = {
			isa = PBXSourcesBuildPhase;
			buildActionMask = 2147483647;
			files = (
				1C4BF4A92A57B3D700E6C201 /* MVVMAnimalHttpStatusDemoTests.swift in Sources */,
			);
			runOnlyForDeploymentPostprocessing = 0;
		};
		1C4BF4AA2A57B3D700E6C201 /* Sources */ = {
			isa = PBXSourcesBuildPhase;
			buildActionMask = 2147483647;
			files = (
				1C4BF4B32A57B3D700E6C201 /* MVVMAnimalHttpStatusDemoUITests.swift in Sources */,
				1C4BF4B52A57B3D700E6C201 /* MVVMAnimalHttpStatusDemoUITestsLaunchTests.swift in Sources */,
			);
			runOnlyForDeploymentPostprocessing = 0;
		};
/* End PBXSourcesBuildPhase section */

/* Begin PBXTargetDependency section */
		1C4BF4A62A57B3D700E6C201 /* PBXTargetDependency */ = {
			isa = PBXTargetDependency;
			target = 1C4BF48D2A57B3D600E6C201 /* MVVMAnimalHttpStatusDemo */;
			targetProxy = 1C4BF4A52A57B3D700E6C201 /* PBXContainerItemProxy */;
		};
		1C4BF4B02A57B3D700E6C201 /* PBXTargetDependency */ = {
			isa = PBXTargetDependency;
			target = 1C4BF48D2A57B3D600E6C201 /* MVVMAnimalHttpStatusDemo */;
			targetProxy = 1C4BF4AF2A57B3D700E6C201 /* PBXContainerItemProxy */;
		};
/* End PBXTargetDependency section */

/* Begin PBXVariantGroup section */
		1C4BF4972A57B3D600E6C201 /* Main.storyboard */ = {
			isa = PBXVariantGroup;
			children = (
				1C4BF4982A57B3D600E6C201 /* Base */,
			);
			name = Main.storyboard;
			sourceTree = "<group>";
		};
		1C4BF49C2A57B3D700E6C201 /* LaunchScreen.storyboard */ = {
			isa = PBXVariantGroup;
			children = (
				1C4BF49D2A57B3D700E6C201 /* Base */,
			);
			name = LaunchScreen.storyboard;
			sourceTree = "<group>";
		};
/* End PBXVariantGroup section */

/* Begin XCBuildConfiguration section */
		1C4BF4B62A57B3D700E6C201 /* Debug */ = {
			isa = XCBuildConfiguration;
			buildSettings = {
				ALWAYS_SEARCH_USER_PATHS = NO;
				CLANG_ANALYZER_NONNULL = YES;
				CLANG_ANALYZER_NUMBER_OBJECT_CONVERSION = YES_AGGRESSIVE;
				CLANG_CXX_LANGUAGE_STANDARD = "gnu++20";
				CLANG_ENABLE_MODULES = YES;
				CLANG_ENABLE_OBJC_ARC = YES;
				CLANG_ENABLE_OBJC_WEAK = YES;
				CLANG_WARN_BLOCK_CAPTURE_AUTORELEASING = YES;
				CLANG_WARN_BOOL_CONVERSION = YES;
				CLANG_WARN_COMMA = YES;
				CLANG_WARN_CONSTANT_CONVERSION = YES;
				CLANG_WARN_DEPRECATED_OBJC_IMPLEMENTATIONS = YES;
				CLANG_WARN_DIRECT_OBJC_ISA_USAGE = YES_ERROR;
				CLANG_WARN_DOCUMENTATION_COMMENTS = YES;
				CLANG_WARN_EMPTY_BODY = YES;
				CLANG_WARN_ENUM_CONVERSION = YES;
				CLANG_WARN_INFINITE_RECURSION = YES;
				CLANG_WARN_INT_CONVERSION = YES;
				CLANG_WARN_NON_LITERAL_NULL_CONVERSION = YES;
				CLANG_WARN_OBJC_IMPLICIT_RETAIN_SELF = YES;
				CLANG_WARN_OBJC_LITERAL_CONVERSION = YES;
				CLANG_WARN_OBJC_ROOT_CLASS = YES_ERROR;
				CLANG_WARN_QUOTED_INCLUDE_IN_FRAMEWORK_HEADER = YES;
				CLANG_WARN_RANGE_LOOP_ANALYSIS = YES;
				CLANG_WARN_STRICT_PROTOTYPES = YES;
				CLANG_WARN_SUSPICIOUS_MOVE = YES;
				CLANG_WARN_UNGUARDED_AVAILABILITY = YES_AGGRESSIVE;
				CLANG_WARN_UNREACHABLE_CODE = YES;
				CLANG_WARN__DUPLICATE_METHOD_MATCH = YES;
				COPY_PHASE_STRIP = NO;
				DEBUG_INFORMATION_FORMAT = dwarf;
				ENABLE_STRICT_OBJC_MSGSEND = YES;
				ENABLE_TESTABILITY = YES;
				GCC_C_LANGUAGE_STANDARD = gnu11;
				GCC_DYNAMIC_NO_PIC = NO;
				GCC_NO_COMMON_BLOCKS = YES;
				GCC_OPTIMIZATION_LEVEL = 0;
				GCC_PREPROCESSOR_DEFINITIONS = (
					"DEBUG=1",
					"$(inherited)",
				);
				GCC_WARN_64_TO_32_BIT_CONVERSION = YES;
				GCC_WARN_ABOUT_RETURN_TYPE = YES_ERROR;
				GCC_WARN_UNDECLARED_SELECTOR = YES;
				GCC_WARN_UNINITIALIZED_AUTOS = YES_AGGRESSIVE;
				GCC_WARN_UNUSED_FUNCTION = YES;
				GCC_WARN_UNUSED_VARIABLE = YES;
				IPHONEOS_DEPLOYMENT_TARGET = 16.4;
				MTL_ENABLE_DEBUG_INFO = INCLUDE_SOURCE;
				MTL_FAST_MATH = YES;
				ONLY_ACTIVE_ARCH = YES;
				SDKROOT = iphoneos;
				SWIFT_ACTIVE_COMPILATION_CONDITIONS = DEBUG;
				SWIFT_OPTIMIZATION_LEVEL = "-Onone";
			};
			name = Debug;
		};
		1C4BF4B72A57B3D700E6C201 /* Release */ = {
			isa = XCBuildConfiguration;
			buildSettings = {
				ALWAYS_SEARCH_USER_PATHS = NO;
				CLANG_ANALYZER_NONNULL = YES;
				CLANG_ANALYZER_NUMBER_OBJECT_CONVERSION = YES_AGGRESSIVE;
				CLANG_CXX_LANGUAGE_STANDARD = "gnu++20";
				CLANG_ENABLE_MODULES = YES;
				CLANG_ENABLE_OBJC_ARC = YES;
				CLANG_ENABLE_OBJC_WEAK = YES;
				CLANG_WARN_BLOCK_CAPTURE_AUTORELEASING = YES;
				CLANG_WARN_BOOL_CONVERSION = YES;
				CLANG_WARN_COMMA = YES;
				CLANG_WARN_CONSTANT_CONVERSION = YES;
				CLANG_WARN_DEPRECATED_OBJC_IMPLEMENTATIONS = YES;
				CLANG_WARN_DIRECT_OBJC_ISA_USAGE = YES_ERROR;
				CLANG_WARN_DOCUMENTATION_COMMENTS = YES;
				CLANG_WARN_EMPTY_BODY = YES;
				CLANG_WARN_ENUM_CONVERSION = YES;
				CLANG_WARN_INFINITE_RECURSION = YES;
				CLANG_WARN_INT_CONVERSION = YES;
				CLANG_WARN_NON_LITERAL_NULL_CONVERSION = YES;
				CLANG_WARN_OBJC_IMPLICIT_RETAIN_SELF = YES;
				CLANG_WARN_OBJC_LITERAL_CONVERSION = YES;
				CLANG_WARN_OBJC_ROOT_CLASS = YES_ERROR;
				CLANG_WARN_QUOTED_INCLUDE_IN_FRAMEWORK_HEADER = YES;
				CLANG_WARN_RANGE_LOOP_ANALYSIS = YES;
				CLANG_WARN_STRICT_PROTOTYPES = YES;
				CLANG_WARN_SUSPICIOUS_MOVE = YES;
				CLANG_WARN_UNGUARDED_AVAILABILITY = YES_AGGRESSIVE;
				CLANG_WARN_UNREACHABLE_CODE = YES;
				CLANG_WARN__DUPLICATE_METHOD_MATCH = YES;
				COPY_PHASE_STRIP = NO;
				DEBUG_INFORMATION_FORMAT = "dwarf-with-dsym";
				ENABLE_NS_ASSERTIONS = NO;
				ENABLE_STRICT_OBJC_MSGSEND = YES;
				GCC_C_LANGUAGE_STANDARD = gnu11;
				GCC_NO_COMMON_BLOCKS = YES;
				GCC_WARN_64_TO_32_BIT_CONVERSION = YES;
				GCC_WARN_ABOUT_RETURN_TYPE = YES_ERROR;
				GCC_WARN_UNDECLARED_SELECTOR = YES;
				GCC_WARN_UNINITIALIZED_AUTOS = YES_AGGRESSIVE;
				GCC_WARN_UNUSED_FUNCTION = YES;
				GCC_WARN_UNUSED_VARIABLE = YES;
				IPHONEOS_DEPLOYMENT_TARGET = 16.4;
				MTL_ENABLE_DEBUG_INFO = NO;
				MTL_FAST_MATH = YES;
				SDKROOT = iphoneos;
				SWIFT_COMPILATION_MODE = wholemodule;
				SWIFT_OPTIMIZATION_LEVEL = "-O";
				VALIDATE_PRODUCT = YES;
			};
			name = Release;
		};
		1C4BF4B92A57B3D700E6C201 /* Debug */ = {
			isa = XCBuildConfiguration;
			buildSettings = {
				ASSETCATALOG_COMPILER_APPICON_NAME = AppIcon;
				ASSETCATALOG_COMPILER_GLOBAL_ACCENT_COLOR_NAME = AccentColor;
				CODE_SIGN_STYLE = Automatic;
				CURRENT_PROJECT_VERSION = 1;
				DEVELOPMENT_TEAM = L52U2QMKSA;
				GENERATE_INFOPLIST_FILE = YES;
				INFOPLIST_FILE = MVVMAnimalHttpStatusDemo/Info.plist;
				INFOPLIST_KEY_UIApplicationSupportsIndirectInputEvents = YES;
				INFOPLIST_KEY_UILaunchStoryboardName = LaunchScreen;
				INFOPLIST_KEY_UIMainStoryboardFile = Main;
				INFOPLIST_KEY_UISupportedInterfaceOrientations_iPad = "UIInterfaceOrientationPortrait UIInterfaceOrientationPortraitUpsideDown UIInterfaceOrientationLandscapeLeft UIInterfaceOrientationLandscapeRight";
				INFOPLIST_KEY_UISupportedInterfaceOrientations_iPhone = "UIInterfaceOrientationPortrait UIInterfaceOrientationLandscapeLeft UIInterfaceOrientationLandscapeRight";
				LD_RUNPATH_SEARCH_PATHS = (
					"$(inherited)",
					"@executable_path/Frameworks",
				);
				MARKETING_VERSION = 1.0;
				PRODUCT_BUNDLE_IDENTIFIER = nun.smb.MVVMAnimalHttpStatusDemo;
				PRODUCT_NAME = "$(TARGET_NAME)";
				SWIFT_EMIT_LOC_STRINGS = YES;
				SWIFT_VERSION = 5.0;
				TARGETED_DEVICE_FAMILY = "1,2";
			};
			name = Debug;
		};
		1C4BF4BA2A57B3D700E6C201 /* Release */ = {
			isa = XCBuildConfiguration;
			buildSettings = {
				ASSETCATALOG_COMPILER_APPICON_NAME = AppIcon;
				ASSETCATALOG_COMPILER_GLOBAL_ACCENT_COLOR_NAME = AccentColor;
				CODE_SIGN_STYLE = Automatic;
				CURRENT_PROJECT_VERSION = 1;
				DEVELOPMENT_TEAM = L52U2QMKSA;
				GENERATE_INFOPLIST_FILE = YES;
				INFOPLIST_FILE = MVVMAnimalHttpStatusDemo/Info.plist;
				INFOPLIST_KEY_UIApplicationSupportsIndirectInputEvents = YES;
				INFOPLIST_KEY_UILaunchStoryboardName = LaunchScreen;
				INFOPLIST_KEY_UIMainStoryboardFile = Main;
				INFOPLIST_KEY_UISupportedInterfaceOrientations_iPad = "UIInterfaceOrientationPortrait UIInterfaceOrientationPortraitUpsideDown UIInterfaceOrientationLandscapeLeft UIInterfaceOrientationLandscapeRight";
				INFOPLIST_KEY_UISupportedInterfaceOrientations_iPhone = "UIInterfaceOrientationPortrait UIInterfaceOrientationLandscapeLeft UIInterfaceOrientationLandscapeRight";
				LD_RUNPATH_SEARCH_PATHS = (
					"$(inherited)",
					"@executable_path/Frameworks",
				);
				MARKETING_VERSION = 1.0;
				PRODUCT_BUNDLE_IDENTIFIER = nun.smb.MVVMAnimalHttpStatusDemo;
				PRODUCT_NAME = "$(TARGET_NAME)";
				SWIFT_EMIT_LOC_STRINGS = YES;
				SWIFT_VERSION = 5.0;
				TARGETED_DEVICE_FAMILY = "1,2";
			};
			name = Release;
		};
		1C4BF4BC2A57B3D700E6C201 /* Debug */ = {
			isa = XCBuildConfiguration;
			buildSettings = {
				ALWAYS_EMBED_SWIFT_STANDARD_LIBRARIES = YES;
				BUNDLE_LOADER = "$(TEST_HOST)";
				CODE_SIGN_STYLE = Automatic;
				CURRENT_PROJECT_VERSION = 1;
				DEVELOPMENT_TEAM = L52U2QMKSA;
				GENERATE_INFOPLIST_FILE = YES;
				IPHONEOS_DEPLOYMENT_TARGET = 16.4;
				MARKETING_VERSION = 1.0;
				PRODUCT_BUNDLE_IDENTIFIER = nun.smb.MVVMAnimalHttpStatusDemoTests;
				PRODUCT_NAME = "$(TARGET_NAME)";
				SWIFT_EMIT_LOC_STRINGS = NO;
				SWIFT_VERSION = 5.0;
				TARGETED_DEVICE_FAMILY = "1,2";
				TEST_HOST = "$(BUILT_PRODUCTS_DIR)/MVVMAnimalHttpStatusDemo.app/$(BUNDLE_EXECUTABLE_FOLDER_PATH)/MVVMAnimalHttpStatusDemo";
			};
			name = Debug;
		};
		1C4BF4BD2A57B3D700E6C201 /* Release */ = {
			isa = XCBuildConfiguration;
			buildSettings = {
				ALWAYS_EMBED_SWIFT_STANDARD_LIBRARIES = YES;
				BUNDLE_LOADER = "$(TEST_HOST)";
				CODE_SIGN_STYLE = Automatic;
				CURRENT_PROJECT_VERSION = 1;
				DEVELOPMENT_TEAM = L52U2QMKSA;
				GENERATE_INFOPLIST_FILE = YES;
				IPHONEOS_DEPLOYMENT_TARGET = 16.4;
				MARKETING_VERSION = 1.0;
				PRODUCT_BUNDLE_IDENTIFIER = nun.smb.MVVMAnimalHttpStatusDemoTests;
				PRODUCT_NAME = "$(TARGET_NAME)";
				SWIFT_EMIT_LOC_STRINGS = NO;
				SWIFT_VERSION = 5.0;
				TARGETED_DEVICE_FAMILY = "1,2";
				TEST_HOST = "$(BUILT_PRODUCTS_DIR)/MVVMAnimalHttpStatusDemo.app/$(BUNDLE_EXECUTABLE_FOLDER_PATH)/MVVMAnimalHttpStatusDemo";
			};
			name = Release;
		};
		1C4BF4BF2A57B3D700E6C201 /* Debug */ = {
			isa = XCBuildConfiguration;
			buildSettings = {
				ALWAYS_EMBED_SWIFT_STANDARD_LIBRARIES = YES;
				CODE_SIGN_STYLE = Automatic;
				CURRENT_PROJECT_VERSION = 1;
				DEVELOPMENT_TEAM = L52U2QMKSA;
				GENERATE_INFOPLIST_FILE = YES;
				MARKETING_VERSION = 1.0;
				PRODUCT_BUNDLE_IDENTIFIER = nun.smb.MVVMAnimalHttpStatusDemoUITests;
				PRODUCT_NAME = "$(TARGET_NAME)";
				SWIFT_EMIT_LOC_STRINGS = NO;
				SWIFT_VERSION = 5.0;
				TARGETED_DEVICE_FAMILY = "1,2";
				TEST_TARGET_NAME = MVVMAnimalHttpStatusDemo;
			};
			name = Debug;
		};
		1C4BF4C02A57B3D700E6C201 /* Release */ = {
			isa = XCBuildConfiguration;
			buildSettings = {
				ALWAYS_EMBED_SWIFT_STANDARD_LIBRARIES = YES;
				CODE_SIGN_STYLE = Automatic;
				CURRENT_PROJECT_VERSION = 1;
				DEVELOPMENT_TEAM = L52U2QMKSA;
				GENERATE_INFOPLIST_FILE = YES;
				MARKETING_VERSION = 1.0;
				PRODUCT_BUNDLE_IDENTIFIER = nun.smb.MVVMAnimalHttpStatusDemoUITests;
				PRODUCT_NAME = "$(TARGET_NAME)";
				SWIFT_EMIT_LOC_STRINGS = NO;
				SWIFT_VERSION = 5.0;
				TARGETED_DEVICE_FAMILY = "1,2";
				TEST_TARGET_NAME = MVVMAnimalHttpStatusDemo;
			};
			name = Release;
		};
/* End XCBuildConfiguration section */

/* Begin XCConfigurationList section */
		1C4BF4892A57B3D600E6C201 /* Build configuration list for PBXProject "MVVMAnimalHttpStatusDemo" */ = {
			isa = XCConfigurationList;
			buildConfigurations = (
				1C4BF4B62A57B3D700E6C201 /* Debug */,
				1C4BF4B72A57B3D700E6C201 /* Release */,
			);
			defaultConfigurationIsVisible = 0;
			defaultConfigurationName = Release;
		};
		1C4BF4B82A57B3D700E6C201 /* Build configuration list for PBXNativeTarget "MVVMAnimalHttpStatusDemo" */ = {
			isa = XCConfigurationList;
			buildConfigurations = (
				1C4BF4B92A57B3D700E6C201 /* Debug */,
				1C4BF4BA2A57B3D700E6C201 /* Release */,
			);
			defaultConfigurationIsVisible = 0;
			defaultConfigurationName = Release;
		};
		1C4BF4BB2A57B3D700E6C201 /* Build configuration list for PBXNativeTarget "MVVMAnimalHttpStatusDemoTests" */ = {
			isa = XCConfigurationList;
			buildConfigurations = (
				1C4BF4BC2A57B3D700E6C201 /* Debug */,
				1C4BF4BD2A57B3D700E6C201 /* Release */,
			);
			defaultConfigurationIsVisible = 0;
			defaultConfigurationName = Release;
		};
		1C4BF4BE2A57B3D700E6C201 /* Build configuration list for PBXNativeTarget "MVVMAnimalHttpStatusDemoUITests" */ = {
			isa = XCConfigurationList;
			buildConfigurations = (
				1C4BF4BF2A57B3D700E6C201 /* Debug */,
				1C4BF4C02A57B3D700E6C201 /* Release */,
			);
			defaultConfigurationIsVisible = 0;
			defaultConfigurationName = Release;
		};
/* End XCConfigurationList section */
	};
	rootObject = 1C4BF4862A57B3D600E6C201 /* Project object */;
}
