// !$*UTF8*$!
{
	archiveVersion = 1;
	classes = {
	};
	objectVersion = 51;
	objects = {

/* Begin PBXBuildFile section */
		1C378B8926284E7600E7268F /* AppDelegate.swift in Sources */ = {isa = PBXBuildFile; fileRef = 1C378B8826284E7600E7268F /* AppDelegate.swift */; };
		1C378B8B26284E7600E7268F /* SceneDelegate.swift in Sources */ = {isa = PBXBuildFile; fileRef = 1C378B8A26284E7600E7268F /* SceneDelegate.swift */; };
		1C378B9226284E7800E7268F /* Assets.xcassets in Resources */ = {isa = PBXBuildFile; fileRef = 1C378B9126284E7800E7268F /* Assets.xcassets */; };
		1C38E5AF2628564C00F38513 /* ProgressLoading.swift in Sources */ = {isa = PBXBuildFile; fileRef = 1C38E5AE2628564C00F38513 /* ProgressLoading.swift */; };
		1C38E5C726289E8200F38513 /* URLConfig.swift in Sources */ = {isa = PBXBuildFile; fileRef = 1C38E5C626289E8200F38513 /* URLConfig.swift */; };
		1CB04A442A5A5EFC00E2C834 /* SplashScreenViewController.swift in Sources */ = {isa = PBXBuildFile; fileRef = 1CB04A422A5A5EFC00E2C834 /* SplashScreenViewController.swift */; };
		1CB04A452A5A5EFC00E2C834 /* SplashScreenViewController.xib in Resources */ = {isa = PBXBuildFile; fileRef = 1CB04A432A5A5EFC00E2C834 /* SplashScreenViewController.xib */; };
		1CB04A492A5A5FC900E2C834 /* Coordinator.swift in Sources */ = {isa = PBXBuildFile; fileRef = 1CB04A482A5A5FC900E2C834 /* Coordinator.swift */; };
		1CB04A4B2A5A5FDF00E2C834 /* RootCoordinator.swift in Sources */ = {isa = PBXBuildFile; fileRef = 1CB04A4A2A5A5FDF00E2C834 /* RootCoordinator.swift */; };
		1CB04A4D2A5A614500E2C834 /* SplashScreenViewModel.swift in Sources */ = {isa = PBXBuildFile; fileRef = 1CB04A4C2A5A614500E2C834 /* SplashScreenViewModel.swift */; };
		1CB04A522A5A617700E2C834 /* BaseViewController.swift in Sources */ = {isa = PBXBuildFile; fileRef = 1CB04A4F2A5A617700E2C834 /* BaseViewController.swift */; };
		1CB04A532A5A617700E2C834 /* DebugLogger.swift in Sources */ = {isa = PBXBuildFile; fileRef = 1CB04A502A5A617700E2C834 /* DebugLogger.swift */; };
		1CB04A542A5A617700E2C834 /* BaseViewModel.swift in Sources */ = {isa = PBXBuildFile; fileRef = 1CB04A512A5A617700E2C834 /* BaseViewModel.swift */; };
		1CB04A562A5A61CD00E2C834 /* SplashCoordinator.swift in Sources */ = {isa = PBXBuildFile; fileRef = 1CB04A552A5A61CD00E2C834 /* SplashCoordinator.swift */; };
		1CB04A592A5A654B00E2C834 /* Main.storyboard in Resources */ = {isa = PBXBuildFile; fileRef = 1CB04A572A5A654B00E2C834 /* Main.storyboard */; };
		1CB04A5C2A5A667500E2C834 /* AppTabBarController.swift in Sources */ = {isa = PBXBuildFile; fileRef = 1CB04A5B2A5A667500E2C834 /* AppTabBarController.swift */; };
		1CB04A602A5A66CF00E2C834 /* AboutViewController.swift in Sources */ = {isa = PBXBuildFile; fileRef = 1CB04A5E2A5A66CF00E2C834 /* AboutViewController.swift */; };
		1CB04A612A5A66CF00E2C834 /* AboutViewController.xib in Resources */ = {isa = PBXBuildFile; fileRef = 1CB04A5F2A5A66CF00E2C834 /* AboutViewController.xib */; };
		1CB04A632A5A66E300E2C834 /* AboutViewModel.swift in Sources */ = {isa = PBXBuildFile; fileRef = 1CB04A622A5A66E300E2C834 /* AboutViewModel.swift */; };
		1CB04A652A5A671A00E2C834 /* AboutCoordinator.swift in Sources */ = {isa = PBXBuildFile; fileRef = 1CB04A642A5A671A00E2C834 /* AboutCoordinator.swift */; };
		1CB04A682A5A67DD00E2C834 /* HomeViewController.swift in Sources */ = {isa = PBXBuildFile; fileRef = 1CB04A662A5A67DD00E2C834 /* HomeViewController.swift */; };
		1CB04A692A5A67DD00E2C834 /* HomeViewController.xib in Resources */ = {isa = PBXBuildFile; fileRef = 1CB04A672A5A67DD00E2C834 /* HomeViewController.xib */; };
		1CB04A6B2A5A67E700E2C834 /* HomeViewModel.swift in Sources */ = {isa = PBXBuildFile; fileRef = 1CB04A6A2A5A67E700E2C834 /* HomeViewModel.swift */; };
		1CB04A6D2A5A680400E2C834 /* HomeCoordinator.swift in Sources */ = {isa = PBXBuildFile; fileRef = 1CB04A6C2A5A680400E2C834 /* HomeCoordinator.swift */; };
		1CB04A6F2A5A9D4100E2C834 /* AppTabBarViewModel.swift in Sources */ = {isa = PBXBuildFile; fileRef = 1CB04A6E2A5A9D4100E2C834 /* AppTabBarViewModel.swift */; };
		1CB04A712A5B084E00E2C834 /* AppTabBarCoordinator.swift in Sources */ = {isa = PBXBuildFile; fileRef = 1CB04A702A5B084E00E2C834 /* AppTabBarCoordinator.swift */; };
		1CB04A742A5BA0F000E2C834 /* UITapGestureRecognizer+Extension.swift in Sources */ = {isa = PBXBuildFile; fileRef = 1CB04A732A5BA0F000E2C834 /* UITapGestureRecognizer+Extension.swift */; };
		1CB04A772A5BA90900E2C834 /* EmailSender.swift in Sources */ = {isa = PBXBuildFile; fileRef = 1CB04A762A5BA90900E2C834 /* EmailSender.swift */; };
		1CE01E8E2A5BB69100F4C6A8 /* HomeTableViewCell.swift in Sources */ = {isa = PBXBuildFile; fileRef = 1CE01E8C2A5BB69100F4C6A8 /* HomeTableViewCell.swift */; };
		1CE01E8F2A5BB69100F4C6A8 /* HomeTableViewCell.xib in Resources */ = {isa = PBXBuildFile; fileRef = 1CE01E8D2A5BB69100F4C6A8 /* HomeTableViewCell.xib */; };
		1CE01E912A5BBA6300F4C6A8 /* CollectionView+Extension.swift in Sources */ = {isa = PBXBuildFile; fileRef = 1CE01E902A5BBA6300F4C6A8 /* CollectionView+Extension.swift */; };
		1CE01E932A5C269C00F4C6A8 /* aHR0cHN0YXR1cw==.json in Resources */ = {isa = PBXBuildFile; fileRef = 1CE01E922A5C269C00F4C6A8 /* aHR0cHN0YXR1cw==.json */; };
		1CE01E972A5C57D900F4C6A8 /* HttpStatusResponse.swift in Sources */ = {isa = PBXBuildFile; fileRef = 1CE01E962A5C57D900F4C6A8 /* HttpStatusResponse.swift */; };
		1CE01E9A2A5C5FE800F4C6A8 /* GetHttpStatusUseCase.swift in Sources */ = {isa = PBXBuildFile; fileRef = 1CE01E992A5C5FE800F4C6A8 /* GetHttpStatusUseCase.swift */; };
		1CE01E9C2A5CE86800F4C6A8 /* HomeTitleUITableViewHeaderFooterView.swift in Sources */ = {isa = PBXBuildFile; fileRef = 1CE01E9B2A5CE86800F4C6A8 /* HomeTitleUITableViewHeaderFooterView.swift */; };
		1CE01E9F2A5CFB0C00F4C6A8 /* HomeSection.swift in Sources */ = {isa = PBXBuildFile; fileRef = 1CE01E9E2A5CFB0C00F4C6A8 /* HomeSection.swift */; };
		1CE01EA12A5CFC2700F4C6A8 /* Base64Utils.swift in Sources */ = {isa = PBXBuildFile; fileRef = 1CE01EA02A5CFC2700F4C6A8 /* Base64Utils.swift */; };
		1CE01EA32A5CFCD700F4C6A8 /* Collection+Extension.swift in Sources */ = {isa = PBXBuildFile; fileRef = 1CE01EA22A5CFCD700F4C6A8 /* Collection+Extension.swift */; };
		7673A2A169B9A383B9C3AAF5 /* Pods_MVVM_Clean.framework in Frameworks */ = {isa = PBXBuildFile; fileRef = 89241CC9190F5CE33D0D5FD3 /* Pods_MVVM_Clean.framework */; };
/* End PBXBuildFile section */

/* Begin PBXFileReference section */
		09BBFE3AA7BADB9D64072F90 /* Pods-MVVM+Clean.release.xcconfig */ = {isa = PBXFileReference; includeInIndex = 1; lastKnownFileType = text.xcconfig; name = "Pods-MVVM+Clean.release.xcconfig"; path = "Target Support Files/Pods-MVVM+Clean/Pods-MVVM+Clean.release.xcconfig"; sourceTree = "<group>"; };
		1C378B8526284E7600E7268F /* MVVM+Clean.app */ = {isa = PBXFileReference; explicitFileType = wrapper.application; includeInIndex = 0; path = "MVVM+Clean.app"; sourceTree = BUILT_PRODUCTS_DIR; };
		1C378B8826284E7600E7268F /* AppDelegate.swift */ = {isa = PBXFileReference; lastKnownFileType = sourcecode.swift; path = AppDelegate.swift; sourceTree = "<group>"; };
		1C378B8A26284E7600E7268F /* SceneDelegate.swift */ = {isa = PBXFileReference; lastKnownFileType = sourcecode.swift; path = SceneDelegate.swift; sourceTree = "<group>"; };
		1C378B9126284E7800E7268F /* Assets.xcassets */ = {isa = PBXFileReference; lastKnownFileType = folder.assetcatalog; path = Assets.xcassets; sourceTree = "<group>"; };
		1C378B9626284E7800E7268F /* Info.plist */ = {isa = PBXFileReference; lastKnownFileType = text.plist.xml; path = Info.plist; sourceTree = "<group>"; };
		1C38E5AE2628564C00F38513 /* ProgressLoading.swift */ = {isa = PBXFileReference; fileEncoding = 4; lastKnownFileType = sourcecode.swift; path = ProgressLoading.swift; sourceTree = "<group>"; };
		1C38E5C626289E8200F38513 /* URLConfig.swift */ = {isa = PBXFileReference; lastKnownFileType = sourcecode.swift; path = URLConfig.swift; sourceTree = "<group>"; };
		1CB04A422A5A5EFC00E2C834 /* SplashScreenViewController.swift */ = {isa = PBXFileReference; lastKnownFileType = sourcecode.swift; path = SplashScreenViewController.swift; sourceTree = "<group>"; };
		1CB04A432A5A5EFC00E2C834 /* SplashScreenViewController.xib */ = {isa = PBXFileReference; lastKnownFileType = file.xib; path = SplashScreenViewController.xib; sourceTree = "<group>"; };
		1CB04A482A5A5FC900E2C834 /* Coordinator.swift */ = {isa = PBXFileReference; fileEncoding = 4; lastKnownFileType = sourcecode.swift; path = Coordinator.swift; sourceTree = "<group>"; };
		1CB04A4A2A5A5FDF00E2C834 /* RootCoordinator.swift */ = {isa = PBXFileReference; lastKnownFileType = sourcecode.swift; path = RootCoordinator.swift; sourceTree = "<group>"; };
		1CB04A4C2A5A614500E2C834 /* SplashScreenViewModel.swift */ = {isa = PBXFileReference; lastKnownFileType = sourcecode.swift; path = SplashScreenViewModel.swift; sourceTree = "<group>"; };
		1CB04A4F2A5A617700E2C834 /* BaseViewController.swift */ = {isa = PBXFileReference; fileEncoding = 4; lastKnownFileType = sourcecode.swift; path = BaseViewController.swift; sourceTree = "<group>"; };
		1CB04A502A5A617700E2C834 /* DebugLogger.swift */ = {isa = PBXFileReference; fileEncoding = 4; lastKnownFileType = sourcecode.swift; path = DebugLogger.swift; sourceTree = "<group>"; };
		1CB04A512A5A617700E2C834 /* BaseViewModel.swift */ = {isa = PBXFileReference; fileEncoding = 4; lastKnownFileType = sourcecode.swift; path = BaseViewModel.swift; sourceTree = "<group>"; };
		1CB04A552A5A61CD00E2C834 /* SplashCoordinator.swift */ = {isa = PBXFileReference; lastKnownFileType = sourcecode.swift; path = SplashCoordinator.swift; sourceTree = "<group>"; };
		1CB04A582A5A654B00E2C834 /* Base */ = {isa = PBXFileReference; lastKnownFileType = file.storyboard; name = Base; path = "MVVM+Clean/Base.lproj/Main.storyboard"; sourceTree = "<group>"; };
		1CB04A5B2A5A667500E2C834 /* AppTabBarController.swift */ = {isa = PBXFileReference; lastKnownFileType = sourcecode.swift; path = AppTabBarController.swift; sourceTree = "<group>"; };
		1CB04A5E2A5A66CF00E2C834 /* AboutViewController.swift */ = {isa = PBXFileReference; lastKnownFileType = sourcecode.swift; path = AboutViewController.swift; sourceTree = "<group>"; };
		1CB04A5F2A5A66CF00E2C834 /* AboutViewController.xib */ = {isa = PBXFileReference; lastKnownFileType = file.xib; path = AboutViewController.xib; sourceTree = "<group>"; };
		1CB04A622A5A66E300E2C834 /* AboutViewModel.swift */ = {isa = PBXFileReference; lastKnownFileType = sourcecode.swift; path = AboutViewModel.swift; sourceTree = "<group>"; };
		1CB04A642A5A671A00E2C834 /* AboutCoordinator.swift */ = {isa = PBXFileReference; lastKnownFileType = sourcecode.swift; path = AboutCoordinator.swift; sourceTree = "<group>"; };
		1CB04A662A5A67DD00E2C834 /* HomeViewController.swift */ = {isa = PBXFileReference; lastKnownFileType = sourcecode.swift; path = HomeViewController.swift; sourceTree = "<group>"; };
		1CB04A672A5A67DD00E2C834 /* HomeViewController.xib */ = {isa = PBXFileReference; lastKnownFileType = file.xib; path = HomeViewController.xib; sourceTree = "<group>"; };
		1CB04A6A2A5A67E700E2C834 /* HomeViewModel.swift */ = {isa = PBXFileReference; lastKnownFileType = sourcecode.swift; path = HomeViewModel.swift; sourceTree = "<group>"; };
		1CB04A6C2A5A680400E2C834 /* HomeCoordinator.swift */ = {isa = PBXFileReference; lastKnownFileType = sourcecode.swift; path = HomeCoordinator.swift; sourceTree = "<group>"; };
		1CB04A6E2A5A9D4100E2C834 /* AppTabBarViewModel.swift */ = {isa = PBXFileReference; lastKnownFileType = sourcecode.swift; path = AppTabBarViewModel.swift; sourceTree = "<group>"; };
		1CB04A702A5B084E00E2C834 /* AppTabBarCoordinator.swift */ = {isa = PBXFileReference; lastKnownFileType = sourcecode.swift; path = AppTabBarCoordinator.swift; sourceTree = "<group>"; };
		1CB04A732A5BA0F000E2C834 /* UITapGestureRecognizer+Extension.swift */ = {isa = PBXFileReference; lastKnownFileType = sourcecode.swift; path = "UITapGestureRecognizer+Extension.swift"; sourceTree = "<group>"; };
		1CB04A762A5BA90900E2C834 /* EmailSender.swift */ = {isa = PBXFileReference; lastKnownFileType = sourcecode.swift; path = EmailSender.swift; sourceTree = "<group>"; };
		1CE01E8C2A5BB69100F4C6A8 /* HomeTableViewCell.swift */ = {isa = PBXFileReference; lastKnownFileType = sourcecode.swift; path = HomeTableViewCell.swift; sourceTree = "<group>"; };
		1CE01E8D2A5BB69100F4C6A8 /* HomeTableViewCell.xib */ = {isa = PBXFileReference; lastKnownFileType = file.xib; path = HomeTableViewCell.xib; sourceTree = "<group>"; };
		1CE01E902A5BBA6300F4C6A8 /* CollectionView+Extension.swift */ = {isa = PBXFileReference; lastKnownFileType = sourcecode.swift; path = "CollectionView+Extension.swift"; sourceTree = "<group>"; };
		1CE01E922A5C269C00F4C6A8 /* aHR0cHN0YXR1cw==.json */ = {isa = PBXFileReference; fileEncoding = 4; lastKnownFileType = text.json; path = "aHR0cHN0YXR1cw==.json"; sourceTree = "<group>"; };
		1CE01E962A5C57D900F4C6A8 /* HttpStatusResponse.swift */ = {isa = PBXFileReference; lastKnownFileType = sourcecode.swift; path = HttpStatusResponse.swift; sourceTree = "<group>"; };
		1CE01E992A5C5FE800F4C6A8 /* GetHttpStatusUseCase.swift */ = {isa = PBXFileReference; lastKnownFileType = sourcecode.swift; path = GetHttpStatusUseCase.swift; sourceTree = "<group>"; };
		1CE01E9B2A5CE86800F4C6A8 /* HomeTitleUITableViewHeaderFooterView.swift */ = {isa = PBXFileReference; lastKnownFileType = sourcecode.swift; path = HomeTitleUITableViewHeaderFooterView.swift; sourceTree = "<group>"; };
		1CE01E9E2A5CFB0C00F4C6A8 /* HomeSection.swift */ = {isa = PBXFileReference; lastKnownFileType = sourcecode.swift; path = HomeSection.swift; sourceTree = "<group>"; };
		1CE01EA02A5CFC2700F4C6A8 /* Base64Utils.swift */ = {isa = PBXFileReference; lastKnownFileType = sourcecode.swift; path = Base64Utils.swift; sourceTree = "<group>"; };
		1CE01EA22A5CFCD700F4C6A8 /* Collection+Extension.swift */ = {isa = PBXFileReference; lastKnownFileType = sourcecode.swift; path = "Collection+Extension.swift"; sourceTree = "<group>"; };
		6AE0BE84AB962F68C2CEAB08 /* Pods-MVVM+Clean.debug.xcconfig */ = {isa = PBXFileReference; includeInIndex = 1; lastKnownFileType = text.xcconfig; name = "Pods-MVVM+Clean.debug.xcconfig"; path = "Target Support Files/Pods-MVVM+Clean/Pods-MVVM+Clean.debug.xcconfig"; sourceTree = "<group>"; };
		89241CC9190F5CE33D0D5FD3 /* Pods_MVVM_Clean.framework */ = {isa = PBXFileReference; explicitFileType = wrapper.framework; includeInIndex = 0; path = Pods_MVVM_Clean.framework; sourceTree = BUILT_PRODUCTS_DIR; };
/* End PBXFileReference section */

/* Begin PBXFrameworksBuildPhase section */
		1C378B8226284E7600E7268F /* Frameworks */ = {
			isa = PBXFrameworksBuildPhase;
			buildActionMask = 2147483647;
			files = (
				7673A2A169B9A383B9C3AAF5 /* Pods_MVVM_Clean.framework in Frameworks */,
			);
			runOnlyForDeploymentPostprocessing = 0;
		};
/* End PBXFrameworksBuildPhase section */

/* Begin PBXGroup section */
		1C378B7C26284E7600E7268F = {
			isa = PBXGroup;
			children = (
				1C378B8726284E7600E7268F /* MVVM+Clean */,
				1C378B8626284E7600E7268F /* Products */,
				A07929718F91095A280C7E0F /* Pods */,
				982B29312D90093446BBDAA2 /* Frameworks */,
			);
			sourceTree = "<group>";
		};
		1C378B8626284E7600E7268F /* Products */ = {
			isa = PBXGroup;
			children = (
				1C378B8526284E7600E7268F /* MVVM+Clean.app */,
			);
			name = Products;
			sourceTree = "<group>";
		};
		1C378B8726284E7600E7268F /* MVVM+Clean */ = {
			isa = PBXGroup;
			children = (
				1C378B8826284E7600E7268F /* AppDelegate.swift */,
				1C378B8A26284E7600E7268F /* SceneDelegate.swift */,
				1CB04A4E2A5A616800E2C834 /* Base */,
				1C38E5C526289E7500F38513 /* Config */,
				1CB04A472A5A5FAC00E2C834 /* Coordinator */,
				1C38E5AD2628564500F38513 /* CustomView */,
				1CB04A722A5BA0E000E2C834 /* Extension */,
				1CB04A572A5A654B00E2C834 /* Main.storyboard */,
				1C38E5BE26289C5D00F38513 /* Model */,
				1C7F6DF2262851940070ECC0 /* Resource */,
				1CB04A3D2A5A5CAE00E2C834 /* Scene */,
				1CE01E982A5C5F5E00F4C6A8 /* UseCase */,
				1CB04A752A5BA86100E2C834 /* Utils */,
			);
			path = "MVVM+Clean";
			sourceTree = "<group>";
		};
		1C38E5AD2628564500F38513 /* CustomView */ = {
			isa = PBXGroup;
			children = (
				1C38E5AE2628564C00F38513 /* ProgressLoading.swift */,
			);
			path = CustomView;
			sourceTree = "<group>";
		};
		1C38E5BE26289C5D00F38513 /* Model */ = {
			isa = PBXGroup;
			children = (
				1CD1B5BC26419CBB005D6CB6 /* Response */,
				1CD1B5BB26419CB2005D6CB6 /* Request */,
			);
			path = Model;
			sourceTree = "<group>";
		};
		1C38E5C526289E7500F38513 /* Config */ = {
			isa = PBXGroup;
			children = (
				1C38E5C626289E8200F38513 /* URLConfig.swift */,
			);
			path = Config;
			sourceTree = "<group>";
		};
		1C7F6DF2262851940070ECC0 /* Resource */ = {
			isa = PBXGroup;
			children = (
				1C378B9626284E7800E7268F /* Info.plist */,
				1C378B9126284E7800E7268F /* Assets.xcassets */,
				1CE01E922A5C269C00F4C6A8 /* aHR0cHN0YXR1cw==.json */,
			);
			path = Resource;
			sourceTree = "<group>";
		};
		1CB04A3D2A5A5CAE00E2C834 /* Scene */ = {
			isa = PBXGroup;
			children = (
				1CB04A5D2A5A66BA00E2C834 /* About */,
				1CB04A5A2A5A660700E2C834 /* AppTabBar */,
				1CB04A3E2A5A5CB800E2C834 /* Home */,
				1CB04A3F2A5A5CC800E2C834 /* HttpDetail */,
				1CB04A412A5A5EE300E2C834 /* SplashScreen */,
			);
			path = Scene;
			sourceTree = "<group>";
		};
		1CB04A3E2A5A5CB800E2C834 /* Home */ = {
			isa = PBXGroup;
			children = (
				1CB04A6C2A5A680400E2C834 /* HomeCoordinator.swift */,
				1CB04A662A5A67DD00E2C834 /* HomeViewController.swift */,
				1CB04A672A5A67DD00E2C834 /* HomeViewController.xib */,
				1CB04A6A2A5A67E700E2C834 /* HomeViewModel.swift */,
				1CE01E8B2A5BB67D00F4C6A8 /* ItemType */,
				1CE01E9D2A5CFAFB00F4C6A8 /* Model */,
			);
			path = Home;
			sourceTree = "<group>";
		};
		1CB04A3F2A5A5CC800E2C834 /* HttpDetail */ = {
			isa = PBXGroup;
			children = (
			);
			path = HttpDetail;
			sourceTree = "<group>";
		};
		1CB04A412A5A5EE300E2C834 /* SplashScreen */ = {
			isa = PBXGroup;
			children = (
				1CB04A422A5A5EFC00E2C834 /* SplashScreenViewController.swift */,
				1CB04A432A5A5EFC00E2C834 /* SplashScreenViewController.xib */,
				1CB04A4C2A5A614500E2C834 /* SplashScreenViewModel.swift */,
				1CB04A552A5A61CD00E2C834 /* SplashCoordinator.swift */,
			);
			path = SplashScreen;
			sourceTree = "<group>";
		};
		1CB04A472A5A5FAC00E2C834 /* Coordinator */ = {
			isa = PBXGroup;
			children = (
				1CB04A482A5A5FC900E2C834 /* Coordinator.swift */,
				1CB04A4A2A5A5FDF00E2C834 /* RootCoordinator.swift */,
			);
			path = Coordinator;
			sourceTree = "<group>";
		};
		1CB04A4E2A5A616800E2C834 /* Base */ = {
			isa = PBXGroup;
			children = (
				1CB04A4F2A5A617700E2C834 /* BaseViewController.swift */,
				1CB04A512A5A617700E2C834 /* BaseViewModel.swift */,
				1CB04A502A5A617700E2C834 /* DebugLogger.swift */,
			);
			path = Base;
			sourceTree = "<group>";
		};
		1CB04A5A2A5A660700E2C834 /* AppTabBar */ = {
			isa = PBXGroup;
			children = (
				1CB04A5B2A5A667500E2C834 /* AppTabBarController.swift */,
				1CB04A6E2A5A9D4100E2C834 /* AppTabBarViewModel.swift */,
				1CB04A702A5B084E00E2C834 /* AppTabBarCoordinator.swift */,
			);
			path = AppTabBar;
			sourceTree = "<group>";
		};
		1CB04A5D2A5A66BA00E2C834 /* About */ = {
			isa = PBXGroup;
			children = (
				1CB04A5E2A5A66CF00E2C834 /* AboutViewController.swift */,
				1CB04A5F2A5A66CF00E2C834 /* AboutViewController.xib */,
				1CB04A622A5A66E300E2C834 /* AboutViewModel.swift */,
				1CB04A642A5A671A00E2C834 /* AboutCoordinator.swift */,
			);
			path = About;
			sourceTree = "<group>";
		};
		1CB04A722A5BA0E000E2C834 /* Extension */ = {
			isa = PBXGroup;
			children = (
				1CB04A732A5BA0F000E2C834 /* UITapGestureRecognizer+Extension.swift */,
				1CE01E902A5BBA6300F4C6A8 /* CollectionView+Extension.swift */,
				1CE01EA22A5CFCD700F4C6A8 /* Collection+Extension.swift */,
			);
			path = Extension;
			sourceTree = "<group>";
		};
		1CB04A752A5BA86100E2C834 /* Utils */ = {
			isa = PBXGroup;
			children = (
				1CB04A762A5BA90900E2C834 /* EmailSender.swift */,
				1CE01EA02A5CFC2700F4C6A8 /* Base64Utils.swift */,
			);
			path = Utils;
			sourceTree = "<group>";
		};
		1CD1B5BB26419CB2005D6CB6 /* Request */ = {
			isa = PBXGroup;
			children = (
			);
			path = Request;
			sourceTree = "<group>";
		};
		1CD1B5BC26419CBB005D6CB6 /* Response */ = {
			isa = PBXGroup;
			children = (
				1CE01E962A5C57D900F4C6A8 /* HttpStatusResponse.swift */,
			);
			path = Response;
			sourceTree = "<group>";
		};
		1CE01E8B2A5BB67D00F4C6A8 /* ItemType */ = {
			isa = PBXGroup;
			children = (
				1CE01E8C2A5BB69100F4C6A8 /* HomeTableViewCell.swift */,
				1CE01E8D2A5BB69100F4C6A8 /* HomeTableViewCell.xib */,
				1CE01E9B2A5CE86800F4C6A8 /* HomeTitleUITableViewHeaderFooterView.swift */,
			);
			path = ItemType;
			sourceTree = "<group>";
		};
		1CE01E982A5C5F5E00F4C6A8 /* UseCase */ = {
			isa = PBXGroup;
			children = (
				1CE01E992A5C5FE800F4C6A8 /* GetHttpStatusUseCase.swift */,
			);
			path = UseCase;
			sourceTree = "<group>";
		};
		1CE01E9D2A5CFAFB00F4C6A8 /* Model */ = {
			isa = PBXGroup;
			children = (
				1CE01E9E2A5CFB0C00F4C6A8 /* HomeSection.swift */,
			);
			path = Model;
			sourceTree = "<group>";
		};
		982B29312D90093446BBDAA2 /* Frameworks */ = {
			isa = PBXGroup;
			children = (
				89241CC9190F5CE33D0D5FD3 /* Pods_MVVM_Clean.framework */,
			);
			name = Frameworks;
			sourceTree = "<group>";
		};
		A07929718F91095A280C7E0F /* Pods */ = {
			isa = PBXGroup;
			children = (
				6AE0BE84AB962F68C2CEAB08 /* Pods-MVVM+Clean.debug.xcconfig */,
				09BBFE3AA7BADB9D64072F90 /* Pods-MVVM+Clean.release.xcconfig */,
			);
			path = Pods;
			sourceTree = "<group>";
		};
/* End PBXGroup section */

/* Begin PBXNativeTarget section */
		1C378B8426284E7600E7268F /* MVVM+Clean */ = {
			isa = PBXNativeTarget;
			buildConfigurationList = 1C378B9926284E7800E7268F /* Build configuration list for PBXNativeTarget "MVVM+Clean" */;
			buildPhases = (
				D9C492D91F98DC2F52663C07 /* [CP] Check Pods Manifest.lock */,
				1C378B8126284E7600E7268F /* Sources */,
				1C378B8226284E7600E7268F /* Frameworks */,
				1C378B8326284E7600E7268F /* Resources */,
				7EDBCC83BFF5C8CC61AC34CA /* [CP] Embed Pods Frameworks */,
			);
			buildRules = (
			);
			dependencies = (
			);
			name = "MVVM+Clean";
			productName = "MVVM+Clean";
			productReference = 1C378B8526284E7600E7268F /* MVVM+Clean.app */;
			productType = "com.apple.product-type.application";
		};
/* End PBXNativeTarget section */

/* Begin PBXProject section */
		1C378B7D26284E7600E7268F /* Project object */ = {
			isa = PBXProject;
			attributes = {
				LastSwiftUpdateCheck = 1240;
				LastUpgradeCheck = 1240;
				TargetAttributes = {
					1C378B8426284E7600E7268F = {
						CreatedOnToolsVersion = 12.4;
					};
				};
			};
			buildConfigurationList = 1C378B8026284E7600E7268F /* Build configuration list for PBXProject "MVVM+Clean" */;
			compatibilityVersion = "Xcode 9.3";
			developmentRegion = en;
			hasScannedForEncodings = 0;
			knownRegions = (
				en,
				Base,
			);
			mainGroup = 1C378B7C26284E7600E7268F;
			productRefGroup = 1C378B8626284E7600E7268F /* Products */;
			projectDirPath = "";
			projectRoot = "";
			targets = (
				1C378B8426284E7600E7268F /* MVVM+Clean */,
			);
		};
/* End PBXProject section */

/* Begin PBXResourcesBuildPhase section */
		1C378B8326284E7600E7268F /* Resources */ = {
			isa = PBXResourcesBuildPhase;
			buildActionMask = 2147483647;
			files = (
				1CB04A592A5A654B00E2C834 /* Main.storyboard in Resources */,
				1C378B9226284E7800E7268F /* Assets.xcassets in Resources */,
				1CB04A692A5A67DD00E2C834 /* HomeViewController.xib in Resources */,
				1CE01E932A5C269C00F4C6A8 /* aHR0cHN0YXR1cw==.json in Resources */,
				1CB04A612A5A66CF00E2C834 /* AboutViewController.xib in Resources */,
				1CE01E8F2A5BB69100F4C6A8 /* HomeTableViewCell.xib in Resources */,
				1CB04A452A5A5EFC00E2C834 /* SplashScreenViewController.xib in Resources */,
			);
			runOnlyForDeploymentPostprocessing = 0;
		};
/* End PBXResourcesBuildPhase section */

/* Begin PBXShellScriptBuildPhase section */
		7EDBCC83BFF5C8CC61AC34CA /* [CP] Embed Pods Frameworks */ = {
			isa = PBXShellScriptBuildPhase;
			buildActionMask = 2147483647;
			files = (
			);
			inputFileListPaths = (
				"${PODS_ROOT}/Target Support Files/Pods-MVVM+Clean/Pods-MVVM+Clean-frameworks-${CONFIGURATION}-input-files.xcfilelist",
			);
			name = "[CP] Embed Pods Frameworks";
			outputFileListPaths = (
				"${PODS_ROOT}/Target Support Files/Pods-MVVM+Clean/Pods-MVVM+Clean-frameworks-${CONFIGURATION}-output-files.xcfilelist",
			);
			runOnlyForDeploymentPostprocessing = 0;
			shellPath = /bin/sh;
			shellScript = "\"${PODS_ROOT}/Target Support Files/Pods-MVVM+Clean/Pods-MVVM+Clean-frameworks.sh\"\n";
			showEnvVarsInLog = 0;
		};
		D9C492D91F98DC2F52663C07 /* [CP] Check Pods Manifest.lock */ = {
			isa = PBXShellScriptBuildPhase;
			buildActionMask = 2147483647;
			files = (
			);
			inputFileListPaths = (
			);
			inputPaths = (
				"${PODS_PODFILE_DIR_PATH}/Podfile.lock",
				"${PODS_ROOT}/Manifest.lock",
			);
			name = "[CP] Check Pods Manifest.lock";
			outputFileListPaths = (
			);
			outputPaths = (
				"$(DERIVED_FILE_DIR)/Pods-MVVM+Clean-checkManifestLockResult.txt",
			);
			runOnlyForDeploymentPostprocessing = 0;
			shellPath = /bin/sh;
			shellScript = "diff \"${PODS_PODFILE_DIR_PATH}/Podfile.lock\" \"${PODS_ROOT}/Manifest.lock\" > /dev/null\nif [ $? != 0 ] ; then\n    # print error to STDERR\n    echo \"error: The sandbox is not in sync with the Podfile.lock. Run 'pod install' or update your CocoaPods installation.\" >&2\n    exit 1\nfi\n# This output is used by Xcode 'outputs' to avoid re-running this script phase.\necho \"SUCCESS\" > \"${SCRIPT_OUTPUT_FILE_0}\"\n";
			showEnvVarsInLog = 0;
		};
/* End PBXShellScriptBuildPhase section */

/* Begin PBXSourcesBuildPhase section */
		1C378B8126284E7600E7268F /* Sources */ = {
			isa = PBXSourcesBuildPhase;
			buildActionMask = 2147483647;
			files = (
				1CB04A542A5A617700E2C834 /* BaseViewModel.swift in Sources */,
				1CB04A712A5B084E00E2C834 /* AppTabBarCoordinator.swift in Sources */,
				1C38E5C726289E8200F38513 /* URLConfig.swift in Sources */,
				1CB04A492A5A5FC900E2C834 /* Coordinator.swift in Sources */,
				1CE01EA12A5CFC2700F4C6A8 /* Base64Utils.swift in Sources */,
				1CB04A522A5A617700E2C834 /* BaseViewController.swift in Sources */,
				1CB04A6F2A5A9D4100E2C834 /* AppTabBarViewModel.swift in Sources */,
				1CB04A772A5BA90900E2C834 /* EmailSender.swift in Sources */,
				1CE01E912A5BBA6300F4C6A8 /* CollectionView+Extension.swift in Sources */,
				1CE01E9C2A5CE86800F4C6A8 /* HomeTitleUITableViewHeaderFooterView.swift in Sources */,
				1CB04A5C2A5A667500E2C834 /* AppTabBarController.swift in Sources */,
				1C378B8926284E7600E7268F /* AppDelegate.swift in Sources */,
				1CB04A632A5A66E300E2C834 /* AboutViewModel.swift in Sources */,
				1CB04A562A5A61CD00E2C834 /* SplashCoordinator.swift in Sources */,
				1CB04A602A5A66CF00E2C834 /* AboutViewController.swift in Sources */,
				1CB04A4B2A5A5FDF00E2C834 /* RootCoordinator.swift in Sources */,
				1CE01E8E2A5BB69100F4C6A8 /* HomeTableViewCell.swift in Sources */,
				1CB04A4D2A5A614500E2C834 /* SplashScreenViewModel.swift in Sources */,
				1CB04A442A5A5EFC00E2C834 /* SplashScreenViewController.swift in Sources */,
				1CB04A682A5A67DD00E2C834 /* HomeViewController.swift in Sources */,
				1CE01E972A5C57D900F4C6A8 /* HttpStatusResponse.swift in Sources */,
				1CB04A6B2A5A67E700E2C834 /* HomeViewModel.swift in Sources */,
				1C378B8B26284E7600E7268F /* SceneDelegate.swift in Sources */,
				1CB04A742A5BA0F000E2C834 /* UITapGestureRecognizer+Extension.swift in Sources */,
				1CE01EA32A5CFCD700F4C6A8 /* Collection+Extension.swift in Sources */,
				1C38E5AF2628564C00F38513 /* ProgressLoading.swift in Sources */,
				1CE01E9A2A5C5FE800F4C6A8 /* GetHttpStatusUseCase.swift in Sources */,
				1CE01E9F2A5CFB0C00F4C6A8 /* HomeSection.swift in Sources */,
				1CB04A652A5A671A00E2C834 /* AboutCoordinator.swift in Sources */,
				1CB04A532A5A617700E2C834 /* DebugLogger.swift in Sources */,
				1CB04A6D2A5A680400E2C834 /* HomeCoordinator.swift in Sources */,
			);
			runOnlyForDeploymentPostprocessing = 0;
		};
/* End PBXSourcesBuildPhase section */

/* Begin PBXVariantGroup section */
		1CB04A572A5A654B00E2C834 /* Main.storyboard */ = {
			isa = PBXVariantGroup;
			children = (
				1CB04A582A5A654B00E2C834 /* Base */,
			);
			name = Main.storyboard;
			sourceTree = "<group>";
		};
/* End PBXVariantGroup section */

/* Begin XCBuildConfiguration section */
		1C378B9726284E7800E7268F /* Debug */ = {
			isa = XCBuildConfiguration;
			buildSettings = {
				ALWAYS_SEARCH_USER_PATHS = NO;
				CLANG_ANALYZER_NONNULL = YES;
				CLANG_ANALYZER_NUMBER_OBJECT_CONVERSION = YES_AGGRESSIVE;
				CLANG_CXX_LANGUAGE_STANDARD = "gnu++14";
				CLANG_CXX_LIBRARY = "libc++";
				CLANG_ENABLE_MODULES = YES;
				CLANG_ENABLE_OBJC_ARC = YES;
				CLANG_ENABLE_OBJC_WEAK = YES;
				CLANG_WARN_BLOCK_CAPTURE_AUTORELEASING = YES;
				CLANG_WARN_BOOL_CONVERSION = YES;
				CLANG_WARN_COMMA = YES;
				CLANG_WARN_CONSTANT_CONVERSION = YES;
				CLANG_WARN_DEPRECATED_OBJC_IMPLEMENTATIONS = YES;
				CLANG_WARN_DIRECT_OBJC_ISA_USAGE = YES_ERROR;
				CLANG_WARN_DOCUMENTATION_COMMENTS = YES;
				CLANG_WARN_EMPTY_BODY = YES;
				CLANG_WARN_ENUM_CONVERSION = YES;
				CLANG_WARN_INFINITE_RECURSION = YES;
				CLANG_WARN_INT_CONVERSION = YES;
				CLANG_WARN_NON_LITERAL_NULL_CONVERSION = YES;
				CLANG_WARN_OBJC_IMPLICIT_RETAIN_SELF = YES;
				CLANG_WARN_OBJC_LITERAL_CONVERSION = YES;
				CLANG_WARN_OBJC_ROOT_CLASS = YES_ERROR;
				CLANG_WARN_QUOTED_INCLUDE_IN_FRAMEWORK_HEADER = YES;
				CLANG_WARN_RANGE_LOOP_ANALYSIS = YES;
				CLANG_WARN_STRICT_PROTOTYPES = YES;
				CLANG_WARN_SUSPICIOUS_MOVE = YES;
				CLANG_WARN_UNGUARDED_AVAILABILITY = YES_AGGRESSIVE;
				CLANG_WARN_UNREACHABLE_CODE = YES;
				CLANG_WARN__DUPLICATE_METHOD_MATCH = YES;
				COPY_PHASE_STRIP = NO;
				DEBUG_INFORMATION_FORMAT = dwarf;
				ENABLE_STRICT_OBJC_MSGSEND = YES;
				ENABLE_TESTABILITY = YES;
				GCC_C_LANGUAGE_STANDARD = gnu11;
				GCC_DYNAMIC_NO_PIC = NO;
				GCC_NO_COMMON_BLOCKS = YES;
				GCC_OPTIMIZATION_LEVEL = 0;
				GCC_PREPROCESSOR_DEFINITIONS = (
					"DEBUG=1",
					"$(inherited)",
				);
				GCC_WARN_64_TO_32_BIT_CONVERSION = YES;
				GCC_WARN_ABOUT_RETURN_TYPE = YES_ERROR;
				GCC_WARN_UNDECLARED_SELECTOR = YES;
				GCC_WARN_UNINITIALIZED_AUTOS = YES_AGGRESSIVE;
				GCC_WARN_UNUSED_FUNCTION = YES;
				GCC_WARN_UNUSED_VARIABLE = YES;
				IPHONEOS_DEPLOYMENT_TARGET = 14.4;
				MTL_ENABLE_DEBUG_INFO = INCLUDE_SOURCE;
				MTL_FAST_MATH = YES;
				ONLY_ACTIVE_ARCH = YES;
				SDKROOT = iphoneos;
				SWIFT_ACTIVE_COMPILATION_CONDITIONS = DEBUG;
				SWIFT_OPTIMIZATION_LEVEL = "-Onone";
			};
			name = Debug;
		};
		1C378B9826284E7800E7268F /* Release */ = {
			isa = XCBuildConfiguration;
			buildSettings = {
				ALWAYS_SEARCH_USER_PATHS = NO;
				CLANG_ANALYZER_NONNULL = YES;
				CLANG_ANALYZER_NUMBER_OBJECT_CONVERSION = YES_AGGRESSIVE;
				CLANG_CXX_LANGUAGE_STANDARD = "gnu++14";
				CLANG_CXX_LIBRARY = "libc++";
				CLANG_ENABLE_MODULES = YES;
				CLANG_ENABLE_OBJC_ARC = YES;
				CLANG_ENABLE_OBJC_WEAK = YES;
				CLANG_WARN_BLOCK_CAPTURE_AUTORELEASING = YES;
				CLANG_WARN_BOOL_CONVERSION = YES;
				CLANG_WARN_COMMA = YES;
				CLANG_WARN_CONSTANT_CONVERSION = YES;
				CLANG_WARN_DEPRECATED_OBJC_IMPLEMENTATIONS = YES;
				CLANG_WARN_DIRECT_OBJC_ISA_USAGE = YES_ERROR;
				CLANG_WARN_DOCUMENTATION_COMMENTS = YES;
				CLANG_WARN_EMPTY_BODY = YES;
				CLANG_WARN_ENUM_CONVERSION = YES;
				CLANG_WARN_INFINITE_RECURSION = YES;
				CLANG_WARN_INT_CONVERSION = YES;
				CLANG_WARN_NON_LITERAL_NULL_CONVERSION = YES;
				CLANG_WARN_OBJC_IMPLICIT_RETAIN_SELF = YES;
				CLANG_WARN_OBJC_LITERAL_CONVERSION = YES;
				CLANG_WARN_OBJC_ROOT_CLASS = YES_ERROR;
				CLANG_WARN_QUOTED_INCLUDE_IN_FRAMEWORK_HEADER = YES;
				CLANG_WARN_RANGE_LOOP_ANALYSIS = YES;
				CLANG_WARN_STRICT_PROTOTYPES = YES;
				CLANG_WARN_SUSPICIOUS_MOVE = YES;
				CLANG_WARN_UNGUARDED_AVAILABILITY = YES_AGGRESSIVE;
				CLANG_WARN_UNREACHABLE_CODE = YES;
				CLANG_WARN__DUPLICATE_METHOD_MATCH = YES;
				COPY_PHASE_STRIP = NO;
				DEBUG_INFORMATION_FORMAT = "dwarf-with-dsym";
				ENABLE_NS_ASSERTIONS = NO;
				ENABLE_STRICT_OBJC_MSGSEND = YES;
				GCC_C_LANGUAGE_STANDARD = gnu11;
				GCC_NO_COMMON_BLOCKS = YES;
				GCC_WARN_64_TO_32_BIT_CONVERSION = YES;
				GCC_WARN_ABOUT_RETURN_TYPE = YES_ERROR;
				GCC_WARN_UNDECLARED_SELECTOR = YES;
				GCC_WARN_UNINITIALIZED_AUTOS = YES_AGGRESSIVE;
				GCC_WARN_UNUSED_FUNCTION = YES;
				GCC_WARN_UNUSED_VARIABLE = YES;
				IPHONEOS_DEPLOYMENT_TARGET = 14.4;
				MTL_ENABLE_DEBUG_INFO = NO;
				MTL_FAST_MATH = YES;
				SDKROOT = iphoneos;
				SWIFT_COMPILATION_MODE = wholemodule;
				SWIFT_OPTIMIZATION_LEVEL = "-O";
				VALIDATE_PRODUCT = YES;
			};
			name = Release;
		};
		1C378B9A26284E7800E7268F /* Debug */ = {
			isa = XCBuildConfiguration;
			baseConfigurationReference = 6AE0BE84AB962F68C2CEAB08 /* Pods-MVVM+Clean.debug.xcconfig */;
			buildSettings = {
				ASSETCATALOG_COMPILER_APPICON_NAME = AppIcon;
				ASSETCATALOG_COMPILER_GLOBAL_ACCENT_COLOR_NAME = AccentColor;
				CODE_SIGN_STYLE = Automatic;
				DEVELOPMENT_TEAM = L52U2QMKSA;
				INFOPLIST_FILE = "MVVM+Clean/Resource/Info.plist";
				LD_RUNPATH_SEARCH_PATHS = (
					"$(inherited)",
					"@executable_path/Frameworks",
				);
				PRODUCT_BUNDLE_IDENTIFIER = "com.smb.dynamicLinkApp.MVVM-Clean";
				PRODUCT_NAME = "$(TARGET_NAME)";
				SWIFT_VERSION = 5.0;
				TARGETED_DEVICE_FAMILY = "1,2";
			};
			name = Debug;
		};
		1C378B9B26284E7800E7268F /* Release */ = {
			isa = XCBuildConfiguration;
			baseConfigurationReference = 09BBFE3AA7BADB9D64072F90 /* Pods-MVVM+Clean.release.xcconfig */;
			buildSettings = {
				ASSETCATALOG_COMPILER_APPICON_NAME = AppIcon;
				ASSETCATALOG_COMPILER_GLOBAL_ACCENT_COLOR_NAME = AccentColor;
				CODE_SIGN_STYLE = Automatic;
				DEVELOPMENT_TEAM = L52U2QMKSA;
				INFOPLIST_FILE = "MVVM+Clean/Resource/Info.plist";
				LD_RUNPATH_SEARCH_PATHS = (
					"$(inherited)",
					"@executable_path/Frameworks",
				);
				PRODUCT_BUNDLE_IDENTIFIER = "com.smb.dynamicLinkApp.MVVM-Clean";
				PRODUCT_NAME = "$(TARGET_NAME)";
				SWIFT_VERSION = 5.0;
				TARGETED_DEVICE_FAMILY = "1,2";
			};
			name = Release;
		};
/* End XCBuildConfiguration section */

/* Begin XCConfigurationList section */
		1C378B8026284E7600E7268F /* Build configuration list for PBXProject "MVVM+Clean" */ = {
			isa = XCConfigurationList;
			buildConfigurations = (
				1C378B9726284E7800E7268F /* Debug */,
				1C378B9826284E7800E7268F /* Release */,
			);
			defaultConfigurationIsVisible = 0;
			defaultConfigurationName = Release;
		};
		1C378B9926284E7800E7268F /* Build configuration list for PBXNativeTarget "MVVM+Clean" */ = {
			isa = XCConfigurationList;
			buildConfigurations = (
				1C378B9A26284E7800E7268F /* Debug */,
				1C378B9B26284E7800E7268F /* Release */,
			);
			defaultConfigurationIsVisible = 0;
			defaultConfigurationName = Release;
		};
/* End XCConfigurationList section */
	};
	rootObject = 1C378B7D26284E7600E7268F /* Project object */;
}
